// !$*UTF8*$!
{
	archiveVersion = 1;
	classes = {
	};
	objectVersion = 56;
	objects = {

/* Begin PBXBuildFile section */
		31BAB1022A1AD034000CB277 /* AppDelegate.swift in Sources */ = {isa = PBXBuildFile; fileRef = 31BAB1012A1AD034000CB277 /* AppDelegate.swift */; };
		31BAB1042A1AD034000CB277 /* SceneDelegate.swift in Sources */ = {isa = PBXBuildFile; fileRef = 31BAB1032A1AD034000CB277 /* SceneDelegate.swift */; };
		31BAB1062A1AD034000CB277 /* MainTabBarViewController.swift in Sources */ = {isa = PBXBuildFile; fileRef = 31BAB1052A1AD034000CB277 /* MainTabBarViewController.swift */; };
		31BAB10B2A1AD035000CB277 /* Assets.xcassets in Resources */ = {isa = PBXBuildFile; fileRef = 31BAB10A2A1AD035000CB277 /* Assets.xcassets */; };
		31BAB10E2A1AD035000CB277 /* LaunchScreen.storyboard in Resources */ = {isa = PBXBuildFile; fileRef = 31BAB10C2A1AD035000CB277 /* LaunchScreen.storyboard */; };
		31BAB1172A1AD3A6000CB277 /* HomeViewController.swift in Sources */ = {isa = PBXBuildFile; fileRef = 31BAB1162A1AD3A6000CB277 /* HomeViewController.swift */; };
		31BAB1192A1AD3D7000CB277 /* UpcomingViewController.swift in Sources */ = {isa = PBXBuildFile; fileRef = 31BAB1182A1AD3D7000CB277 /* UpcomingViewController.swift */; };
		31BAB11B2A1AD3F3000CB277 /* SearchViewController.swift in Sources */ = {isa = PBXBuildFile; fileRef = 31BAB11A2A1AD3F3000CB277 /* SearchViewController.swift */; };
		31BAB11D2A1AD43C000CB277 /* DownloadsViewController.swift in Sources */ = {isa = PBXBuildFile; fileRef = 31BAB11C2A1AD43C000CB277 /* DownloadsViewController.swift */; };
		31BAB1242A1AF783000CB277 /* CollectionViewTableViewCell.swift in Sources */ = {isa = PBXBuildFile; fileRef = 31BAB1232A1AF783000CB277 /* CollectionViewTableViewCell.swift */; };
/* End PBXBuildFile section */

/* Begin PBXFileReference section */
		31BAB0FE2A1AD034000CB277 /* NetflixClone.app */ = {isa = PBXFileReference; explicitFileType = wrapper.application; includeInIndex = 0; path = NetflixClone.app; sourceTree = BUILT_PRODUCTS_DIR; };
		31BAB1012A1AD034000CB277 /* AppDelegate.swift */ = {isa = PBXFileReference; lastKnownFileType = sourcecode.swift; path = AppDelegate.swift; sourceTree = "<group>"; };
		31BAB1032A1AD034000CB277 /* SceneDelegate.swift */ = {isa = PBXFileReference; lastKnownFileType = sourcecode.swift; path = SceneDelegate.swift; sourceTree = "<group>"; };
		31BAB1052A1AD034000CB277 /* MainTabBarViewController.swift */ = {isa = PBXFileReference; lastKnownFileType = sourcecode.swift; path = MainTabBarViewController.swift; sourceTree = "<group>"; };
		31BAB10A2A1AD035000CB277 /* Assets.xcassets */ = {isa = PBXFileReference; lastKnownFileType = folder.assetcatalog; path = Assets.xcassets; sourceTree = "<group>"; };
		31BAB10D2A1AD035000CB277 /* Base */ = {isa = PBXFileReference; lastKnownFileType = file.storyboard; name = Base; path = Base.lproj/LaunchScreen.storyboard; sourceTree = "<group>"; };
		31BAB10F2A1AD035000CB277 /* Info.plist */ = {isa = PBXFileReference; lastKnownFileType = text.plist.xml; path = Info.plist; sourceTree = "<group>"; };
		31BAB1162A1AD3A6000CB277 /* HomeViewController.swift */ = {isa = PBXFileReference; lastKnownFileType = sourcecode.swift; path = HomeViewController.swift; sourceTree = "<group>"; };
		31BAB1182A1AD3D7000CB277 /* UpcomingViewController.swift */ = {isa = PBXFileReference; lastKnownFileType = sourcecode.swift; path = UpcomingViewController.swift; sourceTree = "<group>"; };
		31BAB11A2A1AD3F3000CB277 /* SearchViewController.swift */ = {isa = PBXFileReference; lastKnownFileType = sourcecode.swift; path = SearchViewController.swift; sourceTree = "<group>"; };
		31BAB11C2A1AD43C000CB277 /* DownloadsViewController.swift */ = {isa = PBXFileReference; lastKnownFileType = sourcecode.swift; path = DownloadsViewController.swift; sourceTree = "<group>"; };
		31BAB1232A1AF783000CB277 /* CollectionViewTableViewCell.swift */ = {isa = PBXFileReference; lastKnownFileType = sourcecode.swift; path = CollectionViewTableViewCell.swift; sourceTree = "<group>"; };
/* End PBXFileReference section */

/* Begin PBXFrameworksBuildPhase section */
		31BAB0FB2A1AD034000CB277 /* Frameworks */ = {
			isa = PBXFrameworksBuildPhase;
			buildActionMask = 2147483647;
			files = (
			);
			runOnlyForDeploymentPostprocessing = 0;
		};
/* End PBXFrameworksBuildPhase section */

/* Begin PBXGroup section */
		31BAB0F52A1AD034000CB277 = {
			isa = PBXGroup;
			children = (
				31BAB1002A1AD034000CB277 /* NetflixClone */,
				31BAB0FF2A1AD034000CB277 /* Products */,
			);
			sourceTree = "<group>";
		};
		31BAB0FF2A1AD034000CB277 /* Products */ = {
			isa = PBXGroup;
			children = (
				31BAB0FE2A1AD034000CB277 /* NetflixClone.app */,
			);
			name = Products;
			sourceTree = "<group>";
		};
		31BAB1002A1AD034000CB277 /* NetflixClone */ = {
			isa = PBXGroup;
			children = (
				31BAB1222A1AF74D000CB277 /* Managers */,
				31BAB1212A1AF73B000CB277 /* Resources */,
				31BAB1202A1AF727000CB277 /* Models */,
				31BAB11F2A1AF71A000CB277 /* ViewModels */,
				31BAB11E2A1AF709000CB277 /* Views */,
				31BAB1152A1AD379000CB277 /* Controllers */,
				31BAB1012A1AD034000CB277 /* AppDelegate.swift */,
				31BAB1032A1AD034000CB277 /* SceneDelegate.swift */,
				31BAB1052A1AD034000CB277 /* MainTabBarViewController.swift */,
				31BAB10A2A1AD035000CB277 /* Assets.xcassets */,
				31BAB10C2A1AD035000CB277 /* LaunchScreen.storyboard */,
				31BAB10F2A1AD035000CB277 /* Info.plist */,
			);
			path = NetflixClone;
			sourceTree = "<group>";
		};
		31BAB1152A1AD379000CB277 /* Controllers */ = {
			isa = PBXGroup;
			children = (
				31BAB1162A1AD3A6000CB277 /* HomeViewController.swift */,
				31BAB1182A1AD3D7000CB277 /* UpcomingViewController.swift */,
				31BAB11A2A1AD3F3000CB277 /* SearchViewController.swift */,
				31BAB11C2A1AD43C000CB277 /* DownloadsViewController.swift */,
			);
			path = Controllers;
			sourceTree = "<group>";
		};
		31BAB11E2A1AF709000CB277 /* Views */ = {
			isa = PBXGroup;
			children = (
				31BAB1232A1AF783000CB277 /* CollectionViewTableViewCell.swift */,
			);
			path = Views;
			sourceTree = "<group>";
		};
		31BAB11F2A1AF71A000CB277 /* ViewModels */ = {
			isa = PBXGroup;
			children = (
			);
			path = ViewModels;
			sourceTree = "<group>";
		};
		31BAB1202A1AF727000CB277 /* Models */ = {
			isa = PBXGroup;
			children = (
			);
			path = Models;
			sourceTree = "<group>";
		};
		31BAB1212A1AF73B000CB277 /* Resources */ = {
			isa = PBXGroup;
			children = (
			);
			path = Resources;
			sourceTree = "<group>";
		};
		31BAB1222A1AF74D000CB277 /* Managers */ = {
			isa = PBXGroup;
			children = (
			);
			path = Managers;
			sourceTree = "<group>";
		};
/* End PBXGroup section */

/* Begin PBXNativeTarget section */
		31BAB0FD2A1AD034000CB277 /* NetflixClone */ = {
			isa = PBXNativeTarget;
			buildConfigurationList = 31BAB1122A1AD035000CB277 /* Build configuration list for PBXNativeTarget "NetflixClone" */;
			buildPhases = (
				31BAB0FA2A1AD034000CB277 /* Sources */,
				31BAB0FB2A1AD034000CB277 /* Frameworks */,
				31BAB0FC2A1AD034000CB277 /* Resources */,
			);
			buildRules = (
			);
			dependencies = (
			);
			name = NetflixClone;
			productName = NetflixClone;
			productReference = 31BAB0FE2A1AD034000CB277 /* NetflixClone.app */;
			productType = "com.apple.product-type.application";
		};
/* End PBXNativeTarget section */

/* Begin PBXProject section */
		31BAB0F62A1AD034000CB277 /* Project object */ = {
			isa = PBXProject;
			attributes = {
				BuildIndependentTargetsInParallel = 1;
				LastSwiftUpdateCheck = 1430;
				LastUpgradeCheck = 1430;
				TargetAttributes = {
					31BAB0FD2A1AD034000CB277 = {
						CreatedOnToolsVersion = 14.3;
					};
				};
			};
			buildConfigurationList = 31BAB0F92A1AD034000CB277 /* Build configuration list for PBXProject "NetflixClone" */;
			compatibilityVersion = "Xcode 14.0";
			developmentRegion = en;
			hasScannedForEncodings = 0;
			knownRegions = (
				en,
				Base,
			);
			mainGroup = 31BAB0F52A1AD034000CB277;
			productRefGroup = 31BAB0FF2A1AD034000CB277 /* Products */;
			projectDirPath = "";
			projectRoot = "";
			targets = (
				31BAB0FD2A1AD034000CB277 /* NetflixClone */,
			);
		};
/* End PBXProject section */

/* Begin PBXResourcesBuildPhase section */
		31BAB0FC2A1AD034000CB277 /* Resources */ = {
			isa = PBXResourcesBuildPhase;
			buildActionMask = 2147483647;
			files = (
				31BAB10E2A1AD035000CB277 /* LaunchScreen.storyboard in Resources */,
				31BAB10B2A1AD035000CB277 /* Assets.xcassets in Resources */,
			);
			runOnlyForDeploymentPostprocessing = 0;
		};
/* End PBXResourcesBuildPhase section */

/* Begin PBXSourcesBuildPhase section */
		31BAB0FA2A1AD034000CB277 /* Sources */ = {
			isa = PBXSourcesBuildPhase;
			buildActionMask = 2147483647;
			files = (
				31BAB11B2A1AD3F3000CB277 /* SearchViewController.swift in Sources */,
				31BAB1062A1AD034000CB277 /* MainTabBarViewController.swift in Sources */,
				31BAB1242A1AF783000CB277 /* CollectionViewTableViewCell.swift in Sources */,
				31BAB11D2A1AD43C000CB277 /* DownloadsViewController.swift in Sources */,
				31BAB1022A1AD034000CB277 /* AppDelegate.swift in Sources */,
				31BAB1042A1AD034000CB277 /* SceneDelegate.swift in Sources */,
				31BAB1192A1AD3D7000CB277 /* UpcomingViewController.swift in Sources */,
				31BAB1172A1AD3A6000CB277 /* HomeViewController.swift in Sources */,
			);
			runOnlyForDeploymentPostprocessing = 0;
		};
/* End PBXSourcesBuildPhase section */

/* Begin PBXVariantGroup section */
		31BAB10C2A1AD035000CB277 /* LaunchScreen.storyboard */ = {
			isa = PBXVariantGroup;
			children = (
				31BAB10D2A1AD035000CB277 /* Base */,
			);
			name = LaunchScreen.storyboard;
			sourceTree = "<group>";
		};
/* End PBXVariantGroup section */

/* Begin XCBuildConfiguration section */
		31BAB1102A1AD035000CB277 /* Debug */ = {
			isa = XCBuildConfiguration;
			buildSettings = {
				ALWAYS_SEARCH_USER_PATHS = NO;
				CLANG_ANALYZER_NONNULL = YES;
				CLANG_ANALYZER_NUMBER_OBJECT_CONVERSION = YES_AGGRESSIVE;
				CLANG_CXX_LANGUAGE_STANDARD = "gnu++20";
				CLANG_ENABLE_MODULES = YES;
				CLANG_ENABLE_OBJC_ARC = YES;
				CLANG_ENABLE_OBJC_WEAK = YES;
				CLANG_WARN_BLOCK_CAPTURE_AUTORELEASING = YES;
				CLANG_WARN_BOOL_CONVERSION = YES;
				CLANG_WARN_COMMA = YES;
				CLANG_WARN_CONSTANT_CONVERSION = YES;
				CLANG_WARN_DEPRECATED_OBJC_IMPLEMENTATIONS = YES;
				CLANG_WARN_DIRECT_OBJC_ISA_USAGE = YES_ERROR;
				CLANG_WARN_DOCUMENTATION_COMMENTS = YES;
				CLANG_WARN_EMPTY_BODY = YES;
				CLANG_WARN_ENUM_CONVERSION = YES;
				CLANG_WARN_INFINITE_RECURSION = YES;
				CLANG_WARN_INT_CONVERSION = YES;
				CLANG_WARN_NON_LITERAL_NULL_CONVERSION = YES;
				CLANG_WARN_OBJC_IMPLICIT_RETAIN_SELF = YES;
				CLANG_WARN_OBJC_LITERAL_CONVERSION = YES;
				CLANG_WARN_OBJC_ROOT_CLASS = YES_ERROR;
				CLANG_WARN_QUOTED_INCLUDE_IN_FRAMEWORK_HEADER = YES;
				CLANG_WARN_RANGE_LOOP_ANALYSIS = YES;
				CLANG_WARN_STRICT_PROTOTYPES = YES;
				CLANG_WARN_SUSPICIOUS_MOVE = YES;
				CLANG_WARN_UNGUARDED_AVAILABILITY = YES_AGGRESSIVE;
				CLANG_WARN_UNREACHABLE_CODE = YES;
				CLANG_WARN__DUPLICATE_METHOD_MATCH = YES;
				COPY_PHASE_STRIP = NO;
				DEBUG_INFORMATION_FORMAT = dwarf;
				ENABLE_STRICT_OBJC_MSGSEND = YES;
				ENABLE_TESTABILITY = YES;
				GCC_C_LANGUAGE_STANDARD = gnu11;
				GCC_DYNAMIC_NO_PIC = NO;
				GCC_NO_COMMON_BLOCKS = YES;
				GCC_OPTIMIZATION_LEVEL = 0;
				GCC_PREPROCESSOR_DEFINITIONS = (
					"DEBUG=1",
					"$(inherited)",
				);
				GCC_WARN_64_TO_32_BIT_CONVERSION = YES;
				GCC_WARN_ABOUT_RETURN_TYPE = YES_ERROR;
				GCC_WARN_UNDECLARED_SELECTOR = YES;
				GCC_WARN_UNINITIALIZED_AUTOS = YES_AGGRESSIVE;
				GCC_WARN_UNUSED_FUNCTION = YES;
				GCC_WARN_UNUSED_VARIABLE = YES;
				IPHONEOS_DEPLOYMENT_TARGET = 16.4;
				MTL_ENABLE_DEBUG_INFO = INCLUDE_SOURCE;
				MTL_FAST_MATH = YES;
				ONLY_ACTIVE_ARCH = YES;
				SDKROOT = iphoneos;
				SWIFT_ACTIVE_COMPILATION_CONDITIONS = DEBUG;
				SWIFT_OPTIMIZATION_LEVEL = "-Onone";
			};
			name = Debug;
		};
		31BAB1112A1AD035000CB277 /* Release */ = {
			isa = XCBuildConfiguration;
			buildSettings = {
				ALWAYS_SEARCH_USER_PATHS = NO;
				CLANG_ANALYZER_NONNULL = YES;
				CLANG_ANALYZER_NUMBER_OBJECT_CONVERSION = YES_AGGRESSIVE;
				CLANG_CXX_LANGUAGE_STANDARD = "gnu++20";
				CLANG_ENABLE_MODULES = YES;
				CLANG_ENABLE_OBJC_ARC = YES;
				CLANG_ENABLE_OBJC_WEAK = YES;
				CLANG_WARN_BLOCK_CAPTURE_AUTORELEASING = YES;
				CLANG_WARN_BOOL_CONVERSION = YES;
				CLANG_WARN_COMMA = YES;
				CLANG_WARN_CONSTANT_CONVERSION = YES;
				CLANG_WARN_DEPRECATED_OBJC_IMPLEMENTATIONS = YES;
				CLANG_WARN_DIRECT_OBJC_ISA_USAGE = YES_ERROR;
				CLANG_WARN_DOCUMENTATION_COMMENTS = YES;
				CLANG_WARN_EMPTY_BODY = YES;
				CLANG_WARN_ENUM_CONVERSION = YES;
				CLANG_WARN_INFINITE_RECURSION = YES;
				CLANG_WARN_INT_CONVERSION = YES;
				CLANG_WARN_NON_LITERAL_NULL_CONVERSION = YES;
				CLANG_WARN_OBJC_IMPLICIT_RETAIN_SELF = YES;
				CLANG_WARN_OBJC_LITERAL_CONVERSION = YES;
				CLANG_WARN_OBJC_ROOT_CLASS = YES_ERROR;
				CLANG_WARN_QUOTED_INCLUDE_IN_FRAMEWORK_HEADER = YES;
				CLANG_WARN_RANGE_LOOP_ANALYSIS = YES;
				CLANG_WARN_STRICT_PROTOTYPES = YES;
				CLANG_WARN_SUSPICIOUS_MOVE = YES;
				CLANG_WARN_UNGUARDED_AVAILABILITY = YES_AGGRESSIVE;
				CLANG_WARN_UNREACHABLE_CODE = YES;
				CLANG_WARN__DUPLICATE_METHOD_MATCH = YES;
				COPY_PHASE_STRIP = NO;
				DEBUG_INFORMATION_FORMAT = "dwarf-with-dsym";
				ENABLE_NS_ASSERTIONS = NO;
				ENABLE_STRICT_OBJC_MSGSEND = YES;
				GCC_C_LANGUAGE_STANDARD = gnu11;
				GCC_NO_COMMON_BLOCKS = YES;
				GCC_WARN_64_TO_32_BIT_CONVERSION = YES;
				GCC_WARN_ABOUT_RETURN_TYPE = YES_ERROR;
				GCC_WARN_UNDECLARED_SELECTOR = YES;
				GCC_WARN_UNINITIALIZED_AUTOS = YES_AGGRESSIVE;
				GCC_WARN_UNUSED_FUNCTION = YES;
				GCC_WARN_UNUSED_VARIABLE = YES;
				IPHONEOS_DEPLOYMENT_TARGET = 16.4;
				MTL_ENABLE_DEBUG_INFO = NO;
				MTL_FAST_MATH = YES;
				SDKROOT = iphoneos;
				SWIFT_COMPILATION_MODE = wholemodule;
				SWIFT_OPTIMIZATION_LEVEL = "-O";
				VALIDATE_PRODUCT = YES;
			};
			name = Release;
		};
		31BAB1132A1AD035000CB277 /* Debug */ = {
			isa = XCBuildConfiguration;
			buildSettings = {
				ASSETCATALOG_COMPILER_APPICON_NAME = AppIcon;
				ASSETCATALOG_COMPILER_GLOBAL_ACCENT_COLOR_NAME = AccentColor;
				CODE_SIGN_STYLE = Automatic;
				CURRENT_PROJECT_VERSION = 1;
				DEVELOPMENT_TEAM = 6RKV2Z3GTT;
				GENERATE_INFOPLIST_FILE = YES;
				INFOPLIST_FILE = NetflixClone/Info.plist;
				INFOPLIST_KEY_UIApplicationSupportsIndirectInputEvents = YES;
				INFOPLIST_KEY_UILaunchStoryboardName = LaunchScreen;
				INFOPLIST_KEY_UISupportedInterfaceOrientations_iPad = "UIInterfaceOrientationPortrait UIInterfaceOrientationPortraitUpsideDown UIInterfaceOrientationLandscapeLeft UIInterfaceOrientationLandscapeRight";
				INFOPLIST_KEY_UISupportedInterfaceOrientations_iPhone = "UIInterfaceOrientationPortrait UIInterfaceOrientationLandscapeLeft UIInterfaceOrientationLandscapeRight";
				LD_RUNPATH_SEARCH_PATHS = (
					"$(inherited)",
					"@executable_path/Frameworks",
				);
				MARKETING_VERSION = 1.0;
				PRODUCT_BUNDLE_IDENTIFIER = MonzerMahmoud.NetflixClone;
				PRODUCT_NAME = "$(TARGET_NAME)";
				SWIFT_EMIT_LOC_STRINGS = YES;
				SWIFT_VERSION = 5.0;
				TARGETED_DEVICE_FAMILY = "1,2";
			};
			name = Debug;
		};
		31BAB1142A1AD035000CB277 /* Release */ = {
			isa = XCBuildConfiguration;
			buildSettings = {
				ASSETCATALOG_COMPILER_APPICON_NAME = AppIcon;
				ASSETCATALOG_COMPILER_GLOBAL_ACCENT_COLOR_NAME = AccentColor;
				CODE_SIGN_STYLE = Automatic;
				CURRENT_PROJECT_VERSION = 1;
				DEVELOPMENT_TEAM = 6RKV2Z3GTT;
				GENERATE_INFOPLIST_FILE = YES;
				INFOPLIST_FILE = NetflixClone/Info.plist;
				INFOPLIST_KEY_UIApplicationSupportsIndirectInputEvents = YES;
				INFOPLIST_KEY_UILaunchStoryboardName = LaunchScreen;
				INFOPLIST_KEY_UISupportedInterfaceOrientations_iPad = "UIInterfaceOrientationPortrait UIInterfaceOrientationPortraitUpsideDown UIInterfaceOrientationLandscapeLeft UIInterfaceOrientationLandscapeRight";
				INFOPLIST_KEY_UISupportedInterfaceOrientations_iPhone = "UIInterfaceOrientationPortrait UIInterfaceOrientationLandscapeLeft UIInterfaceOrientationLandscapeRight";
				LD_RUNPATH_SEARCH_PATHS = (
					"$(inherited)",
					"@executable_path/Frameworks",
				);
				MARKETING_VERSION = 1.0;
				PRODUCT_BUNDLE_IDENTIFIER = MonzerMahmoud.NetflixClone;
				PRODUCT_NAME = "$(TARGET_NAME)";
				SWIFT_EMIT_LOC_STRINGS = YES;
				SWIFT_VERSION = 5.0;
				TARGETED_DEVICE_FAMILY = "1,2";
			};
			name = Release;
		};
/* End XCBuildConfiguration section */

/* Begin XCConfigurationList section */
		31BAB0F92A1AD034000CB277 /* Build configuration list for PBXProject "NetflixClone" */ = {
			isa = XCConfigurationList;
			buildConfigurations = (
				31BAB1102A1AD035000CB277 /* Debug */,
				31BAB1112A1AD035000CB277 /* Release */,
			);
			defaultConfigurationIsVisible = 0;
			defaultConfigurationName = Release;
		};
		31BAB1122A1AD035000CB277 /* Build configuration list for PBXNativeTarget "NetflixClone" */ = {
			isa = XCConfigurationList;
			buildConfigurations = (
				31BAB1132A1AD035000CB277 /* Debug */,
				31BAB1142A1AD035000CB277 /* Release */,
			);
			defaultConfigurationIsVisible = 0;
			defaultConfigurationName = Release;
		};
/* End XCConfigurationList section */
	};
	rootObject = 31BAB0F62A1AD034000CB277 /* Project object */;
}
